<Solution>
  <Folder Name="/build/">
    <File Path="build.fsx" />
  </Folder>
  <Folder Name="/src/">
    <Project Path="src/Partas.Nacara.Theme/Partas.Nacara.Theme.fsproj" />
    <Project Path="src/Partas.Nacara.Theme.Contracts/Partas.Nacara.Theme.Contracts.fsproj" />
    <Project Path="src/Partas.Nacara.Plugins.DaisyUI/Partas.Nacara.Plugins.DaisyUI.fsproj" />
    <Project Path="src/Partas.Nacara.Plugins.Directives/Partas.Nacara.Plugins.Directives.fsproj" />
    <Project Path="src/Partas.Nacara.Plugins.Solid/Partas.Nacara.Plugins.Solid.fsproj" />
    <Project Path="src/Partas.Nacara.Plugins.Tailwind/Partas.Nacara.Plugins.Tailwind.fsproj" />
  </Folder>
  <Folder Name="/tests/">
    <Project Path="tests/Partas.Nacara.Plugins.Tests/Partas.Nacara.Plugins.Tests.fsproj" />
  </Folder>
  <Project Path="docs/docs.fsproj" />
</Solution>
